
Microsoft Visual Studio Solution File, Format Version 12.00
# Visual Studio Version 17
VisualStudioVersion = 17.13.35931.197 d17.13
MinimumVisualStudioVersion = 10.0.40219.1
Project("{FAE04EC0-301F-11D3-BF4B-00C04F79EFBC}") = "QLTV2", "QLTV2\QLTV2.csproj", "{DA437B7F-8403-460E-8584-774EE174507B}"
EndProject
Global
	GlobalSection(SolutionConfigurationPlatforms) = preSolution
		Debug|Any CPU = Debug|Any CPU
		Release|Any CPU = Release|Any CPU
	EndGlobalSection
	GlobalSection(ProjectConfigurationPlatforms) = postSolution
		{DA437B7F-8403-460E-8584-774EE174507B}.Debug|Any CPU.ActiveCfg = Debug|Any CPU
		{DA437B7F-8403-460E-8584-774EE174507B}.Debug|Any CPU.Build.0 = Debug|Any CPU
		{DA437B7F-8403-460E-8584-774EE174507B}.Release|Any CPU.ActiveCfg = Release|Any CPU
		{DA437B7F-8403-460E-8584-774EE174507B}.Release|Any CPU.Build.0 = Release|Any CPU
	EndGlobalSection
	GlobalSection(SolutionProperties) = preSolution
		HideSolutionNode = FALSE
	EndGlobalSection
	GlobalSection(ExtensibilityGlobals) = postSolution
		SolutionGuid = {FF90A8D2-E266-4CFC-B475-42ADFA5A0DE4}
	EndGlobalSection
EndGlobal
